// !$*UTF8*$!
{
	archiveVersion = 1;
	classes = {
	};
	objectVersion = 46;
	objects = {

/* Begin PBXBuildFile section */
		441A16641F05D9E20041260B /* BaseViewController.m in Sources */ = {isa = PBXBuildFile; fileRef = 441A16631F05D9E20041260B /* BaseViewController.m */; };
		441A16671F05DA460041260B /* WeatherViewController.m in Sources */ = {isa = PBXBuildFile; fileRef = 441A16661F05DA460041260B /* WeatherViewController.m */; };
		441A166B1F05DD730041260B /* NSDictionary+Extension.m in Sources */ = {isa = PBXBuildFile; fileRef = 441A166A1F05DD730041260B /* NSDictionary+Extension.m */; };
		4420D8E31F022A56007DD6E9 /* main.m in Sources */ = {isa = PBXBuildFile; fileRef = 4420D8E21F022A56007DD6E9 /* main.m */; };
		4420D8E61F022A56007DD6E9 /* AppDelegate.m in Sources */ = {isa = PBXBuildFile; fileRef = 4420D8E51F022A56007DD6E9 /* AppDelegate.m */; };
		4420D8E91F022A56007DD6E9 /* ViewController.m in Sources */ = {isa = PBXBuildFile; fileRef = 4420D8E81F022A56007DD6E9 /* ViewController.m */; };
		4420D8EE1F022A56007DD6E9 /* Assets.xcassets in Resources */ = {isa = PBXBuildFile; fileRef = 4420D8ED1F022A56007DD6E9 /* Assets.xcassets */; };
		4420D8F11F022A56007DD6E9 /* LaunchScreen.storyboard in Resources */ = {isa = PBXBuildFile; fileRef = 4420D8EF1F022A56007DD6E9 /* LaunchScreen.storyboard */; };
		4490A4EB1F03A676002D2810 /* MBProgressHUD+MJ.m in Sources */ = {isa = PBXBuildFile; fileRef = 4490A4E71F03A676002D2810 /* MBProgressHUD+MJ.m */; };
		4490A4EC1F03A676002D2810 /* MBProgressHUD.bundle in Resources */ = {isa = PBXBuildFile; fileRef = 4490A4E81F03A676002D2810 /* MBProgressHUD.bundle */; };
		4490A4ED1F03A676002D2810 /* MBProgressHUD.m in Sources */ = {isa = PBXBuildFile; fileRef = 4490A4EA1F03A676002D2810 /* MBProgressHUD.m */; };
		4490A4F31F03B787002D2810 /* Main.storyboard in Resources */ = {isa = PBXBuildFile; fileRef = 4490A4F21F03B787002D2810 /* Main.storyboard */; };
		4499ABF71F0514A4001D3ED3 /* WeatherApi.m in Sources */ = {isa = PBXBuildFile; fileRef = 4499ABF61F0514A4001D3ED3 /* WeatherApi.m */; };
		44F3AC391F04A024002E7DED /* WeiBoAuthApi.m in Sources */ = {isa = PBXBuildFile; fileRef = 44F3AC371F04A024002E7DED /* WeiBoAuthApi.m */; };
		44F3AC3C1F04A049002E7DED /* WeiBoStatusListApi.m in Sources */ = {isa = PBXBuildFile; fileRef = 44F3AC3B1F04A049002E7DED /* WeiBoStatusListApi.m */; };
		5A76331CF216AB830C912B6F /* Pods_HNBNetWorkDemo.framework in Frameworks */ = {isa = PBXBuildFile; fileRef = 87325D9591F004751AA9391D /* Pods_HNBNetWorkDemo.framework */; };
		6E2418B41F5D6A9A00912E32 /* BeiJingTimeApi.m in Sources */ = {isa = PBXBuildFile; fileRef = 6E2418B31F5D6A9A00912E32 /* BeiJingTimeApi.m */; };
		6E93BA891F56D2A600DE587A /* BaseNavigationController.m in Sources */ = {isa = PBXBuildFile; fileRef = 6E93BA881F56D2A600DE587A /* BaseNavigationController.m */; };
		6EB0CF041F78E83100CCAC66 /* ErrorRecordApi.m in Sources */ = {isa = PBXBuildFile; fileRef = 6EB0CF031F78E83100CCAC66 /* ErrorRecordApi.m */; };
		6EB0CF081F78E83C00CCAC66 /* BigFileUploadController.m in Sources */ = {isa = PBXBuildFile; fileRef = 6EB0CF061F78E83C00CCAC66 /* BigFileUploadController.m */; };
		6EB0CF091F78E83C00CCAC66 /* BigFileUploadController.xib in Resources */ = {isa = PBXBuildFile; fileRef = 6EB0CF071F78E83C00CCAC66 /* BigFileUploadController.xib */; };
		6EDBC1F11F5E2E2800BA26AF /* BeiJingTimeController.m in Sources */ = {isa = PBXBuildFile; fileRef = 6EDBC1EF1F5E2E2800BA26AF /* BeiJingTimeController.m */; };
		6EDBC1F21F5E2E2800BA26AF /* BeiJingTimeController.xib in Resources */ = {isa = PBXBuildFile; fileRef = 6EDBC1F01F5E2E2800BA26AF /* BeiJingTimeController.xib */; };
/* End PBXBuildFile section */

/* Begin PBXFileReference section */
		11E515B484F0E09A38C781B4 /* Pods-HNBNetWorkDemo.debug.xcconfig */ = {isa = PBXFileReference; includeInIndex = 1; lastKnownFileType = text.xcconfig; name = "Pods-HNBNetWorkDemo.debug.xcconfig"; path = "Pods/Target Support Files/Pods-HNBNetWorkDemo/Pods-HNBNetWorkDemo.debug.xcconfig"; sourceTree = "<group>"; };
		1DD58C1F7ADD5D5CBCF56158 /* Pods-HNBNetWorkDemo.release.xcconfig */ = {isa = PBXFileReference; includeInIndex = 1; lastKnownFileType = text.xcconfig; name = "Pods-HNBNetWorkDemo.release.xcconfig"; path = "Pods/Target Support Files/Pods-HNBNetWorkDemo/Pods-HNBNetWorkDemo.release.xcconfig"; sourceTree = "<group>"; };
		441A16621F05D9E20041260B /* BaseViewController.h */ = {isa = PBXFileReference; fileEncoding = 4; lastKnownFileType = sourcecode.c.h; path = BaseViewController.h; sourceTree = "<group>"; };
		441A16631F05D9E20041260B /* BaseViewController.m */ = {isa = PBXFileReference; fileEncoding = 4; lastKnownFileType = sourcecode.c.objc; path = BaseViewController.m; sourceTree = "<group>"; };
		441A16651F05DA460041260B /* WeatherViewController.h */ = {isa = PBXFileReference; fileEncoding = 4; lastKnownFileType = sourcecode.c.h; path = WeatherViewController.h; sourceTree = "<group>"; };
		441A16661F05DA460041260B /* WeatherViewController.m */ = {isa = PBXFileReference; fileEncoding = 4; lastKnownFileType = sourcecode.c.objc; path = WeatherViewController.m; sourceTree = "<group>"; };
		441A16691F05DD730041260B /* NSDictionary+Extension.h */ = {isa = PBXFileReference; fileEncoding = 4; lastKnownFileType = sourcecode.c.h; path = "NSDictionary+Extension.h"; sourceTree = "<group>"; };
		441A166A1F05DD730041260B /* NSDictionary+Extension.m */ = {isa = PBXFileReference; fileEncoding = 4; lastKnownFileType = sourcecode.c.objc; path = "NSDictionary+Extension.m"; sourceTree = "<group>"; };
		441A166C1F05DE4B0041260B /* PrefixHeader.pch */ = {isa = PBXFileReference; fileEncoding = 4; lastKnownFileType = sourcecode.c.h; path = PrefixHeader.pch; sourceTree = "<group>"; };
		4420D8DE1F022A56007DD6E9 /* HNBNetWorkDemo.app */ = {isa = PBXFileReference; explicitFileType = wrapper.application; includeInIndex = 0; path = HNBNetWorkDemo.app; sourceTree = BUILT_PRODUCTS_DIR; };
		4420D8E21F022A56007DD6E9 /* main.m */ = {isa = PBXFileReference; lastKnownFileType = sourcecode.c.objc; path = main.m; sourceTree = "<group>"; };
		4420D8E41F022A56007DD6E9 /* AppDelegate.h */ = {isa = PBXFileReference; lastKnownFileType = sourcecode.c.h; path = AppDelegate.h; sourceTree = "<group>"; };
		4420D8E51F022A56007DD6E9 /* AppDelegate.m */ = {isa = PBXFileReference; lastKnownFileType = sourcecode.c.objc; path = AppDelegate.m; sourceTree = "<group>"; };
		4420D8E71F022A56007DD6E9 /* ViewController.h */ = {isa = PBXFileReference; lastKnownFileType = sourcecode.c.h; path = ViewController.h; sourceTree = "<group>"; };
		4420D8E81F022A56007DD6E9 /* ViewController.m */ = {isa = PBXFileReference; lastKnownFileType = sourcecode.c.objc; path = ViewController.m; sourceTree = "<group>"; };
		4420D8ED1F022A56007DD6E9 /* Assets.xcassets */ = {isa = PBXFileReference; lastKnownFileType = folder.assetcatalog; path = Assets.xcassets; sourceTree = "<group>"; };
		4420D8F01F022A56007DD6E9 /* Base */ = {isa = PBXFileReference; lastKnownFileType = file.storyboard; name = Base; path = Base.lproj/LaunchScreen.storyboard; sourceTree = "<group>"; };
		4420D8F21F022A56007DD6E9 /* Info.plist */ = {isa = PBXFileReference; lastKnownFileType = text.plist.xml; path = Info.plist; sourceTree = "<group>"; };
		4490A4E61F03A676002D2810 /* MBProgressHUD+MJ.h */ = {isa = PBXFileReference; fileEncoding = 4; lastKnownFileType = sourcecode.c.h; path = "MBProgressHUD+MJ.h"; sourceTree = "<group>"; };
		4490A4E71F03A676002D2810 /* MBProgressHUD+MJ.m */ = {isa = PBXFileReference; fileEncoding = 4; lastKnownFileType = sourcecode.c.objc; path = "MBProgressHUD+MJ.m"; sourceTree = "<group>"; };
		4490A4E81F03A676002D2810 /* MBProgressHUD.bundle */ = {isa = PBXFileReference; lastKnownFileType = "wrapper.plug-in"; path = MBProgressHUD.bundle; sourceTree = "<group>"; };
		4490A4E91F03A676002D2810 /* MBProgressHUD.h */ = {isa = PBXFileReference; fileEncoding = 4; lastKnownFileType = sourcecode.c.h; path = MBProgressHUD.h; sourceTree = "<group>"; };
		4490A4EA1F03A676002D2810 /* MBProgressHUD.m */ = {isa = PBXFileReference; fileEncoding = 4; lastKnownFileType = sourcecode.c.objc; path = MBProgressHUD.m; sourceTree = "<group>"; };
		4490A4F11F03A9F2002D2810 /* HNBDemoConstantSymbol.h */ = {isa = PBXFileReference; fileEncoding = 4; lastKnownFileType = sourcecode.c.h; path = HNBDemoConstantSymbol.h; sourceTree = "<group>"; };
		4490A4F21F03B787002D2810 /* Main.storyboard */ = {isa = PBXFileReference; fileEncoding = 4; lastKnownFileType = file.storyboard; path = Main.storyboard; sourceTree = "<group>"; };
		4499ABF51F0514A4001D3ED3 /* WeatherApi.h */ = {isa = PBXFileReference; fileEncoding = 4; lastKnownFileType = sourcecode.c.h; path = WeatherApi.h; sourceTree = "<group>"; };
		4499ABF61F0514A4001D3ED3 /* WeatherApi.m */ = {isa = PBXFileReference; fileEncoding = 4; lastKnownFileType = sourcecode.c.objc; path = WeatherApi.m; sourceTree = "<group>"; };
		44F3AC361F04A024002E7DED /* WeiBoAuthApi.h */ = {isa = PBXFileReference; fileEncoding = 4; lastKnownFileType = sourcecode.c.h; path = WeiBoAuthApi.h; sourceTree = "<group>"; };
		44F3AC371F04A024002E7DED /* WeiBoAuthApi.m */ = {isa = PBXFileReference; fileEncoding = 4; lastKnownFileType = sourcecode.c.objc; path = WeiBoAuthApi.m; sourceTree = "<group>"; };
		44F3AC3A1F04A049002E7DED /* WeiBoStatusListApi.h */ = {isa = PBXFileReference; fileEncoding = 4; lastKnownFileType = sourcecode.c.h; path = WeiBoStatusListApi.h; sourceTree = "<group>"; };
		44F3AC3B1F04A049002E7DED /* WeiBoStatusListApi.m */ = {isa = PBXFileReference; fileEncoding = 4; lastKnownFileType = sourcecode.c.objc; path = WeiBoStatusListApi.m; sourceTree = "<group>"; };
		6E2418B21F5D6A9A00912E32 /* BeiJingTimeApi.h */ = {isa = PBXFileReference; fileEncoding = 4; lastKnownFileType = sourcecode.c.h; path = BeiJingTimeApi.h; sourceTree = "<group>"; };
		6E2418B31F5D6A9A00912E32 /* BeiJingTimeApi.m */ = {isa = PBXFileReference; fileEncoding = 4; lastKnownFileType = sourcecode.c.objc; path = BeiJingTimeApi.m; sourceTree = "<group>"; };
		6E93BA871F56D2A600DE587A /* BaseNavigationController.h */ = {isa = PBXFileReference; fileEncoding = 4; lastKnownFileType = sourcecode.c.h; path = BaseNavigationController.h; sourceTree = "<group>"; };
		6E93BA881F56D2A600DE587A /* BaseNavigationController.m */ = {isa = PBXFileReference; fileEncoding = 4; lastKnownFileType = sourcecode.c.objc; path = BaseNavigationController.m; sourceTree = "<group>"; };
		6EB0CF021F78E83100CCAC66 /* ErrorRecordApi.h */ = {isa = PBXFileReference; fileEncoding = 4; lastKnownFileType = sourcecode.c.h; path = ErrorRecordApi.h; sourceTree = "<group>"; };
		6EB0CF031F78E83100CCAC66 /* ErrorRecordApi.m */ = {isa = PBXFileReference; fileEncoding = 4; lastKnownFileType = sourcecode.c.objc; path = ErrorRecordApi.m; sourceTree = "<group>"; };
		6EB0CF051F78E83C00CCAC66 /* BigFileUploadController.h */ = {isa = PBXFileReference; fileEncoding = 4; lastKnownFileType = sourcecode.c.h; path = BigFileUploadController.h; sourceTree = "<group>"; };
		6EB0CF061F78E83C00CCAC66 /* BigFileUploadController.m */ = {isa = PBXFileReference; fileEncoding = 4; lastKnownFileType = sourcecode.c.objc; path = BigFileUploadController.m; sourceTree = "<group>"; };
		6EB0CF071F78E83C00CCAC66 /* BigFileUploadController.xib */ = {isa = PBXFileReference; fileEncoding = 4; lastKnownFileType = file.xib; path = BigFileUploadController.xib; sourceTree = "<group>"; };
		6EDBC1EE1F5E2E2800BA26AF /* BeiJingTimeController.h */ = {isa = PBXFileReference; fileEncoding = 4; lastKnownFileType = sourcecode.c.h; path = BeiJingTimeController.h; sourceTree = "<group>"; };
		6EDBC1EF1F5E2E2800BA26AF /* BeiJingTimeController.m */ = {isa = PBXFileReference; fileEncoding = 4; lastKnownFileType = sourcecode.c.objc; path = BeiJingTimeController.m; sourceTree = "<group>"; };
		6EDBC1F01F5E2E2800BA26AF /* BeiJingTimeController.xib */ = {isa = PBXFileReference; fileEncoding = 4; lastKnownFileType = file.xib; path = BeiJingTimeController.xib; sourceTree = "<group>"; };
		87325D9591F004751AA9391D /* Pods_HNBNetWorkDemo.framework */ = {isa = PBXFileReference; explicitFileType = wrapper.framework; includeInIndex = 0; path = Pods_HNBNetWorkDemo.framework; sourceTree = BUILT_PRODUCTS_DIR; };
/* End PBXFileReference section */

/* Begin PBXFrameworksBuildPhase section */
		4420D8DB1F022A56007DD6E9 /* Frameworks */ = {
			isa = PBXFrameworksBuildPhase;
			buildActionMask = 2147483647;
			files = (
				5A76331CF216AB830C912B6F /* Pods_HNBNetWorkDemo.framework in Frameworks */,
			);
			runOnlyForDeploymentPostprocessing = 0;
		};
/* End PBXFrameworksBuildPhase section */

/* Begin PBXGroup section */
		441A16681F05DD560041260B /* Category */ = {
			isa = PBXGroup;
			children = (
				441A16691F05DD730041260B /* NSDictionary+Extension.h */,
				441A166A1F05DD730041260B /* NSDictionary+Extension.m */,
			);
			path = Category;
			sourceTree = "<group>";
		};
		4420D8D51F022A56007DD6E9 = {
			isa = PBXGroup;
			children = (
				4420D8E01F022A56007DD6E9 /* HNBNetWorkDemo */,
				4420D8DF1F022A56007DD6E9 /* Products */,
				AAC00ABE51C8EC4E32E044F7 /* Pods */,
				BC403B95D39972BAE5FCAFCF /* Frameworks */,
			);
			sourceTree = "<group>";
		};
		4420D8DF1F022A56007DD6E9 /* Products */ = {
			isa = PBXGroup;
			children = (
				4420D8DE1F022A56007DD6E9 /* HNBNetWorkDemo.app */,
			);
			name = Products;
			sourceTree = "<group>";
		};
		4420D8E01F022A56007DD6E9 /* HNBNetWorkDemo */ = {
			isa = PBXGroup;
			children = (
				441A16681F05DD560041260B /* Category */,
				44F3AC3D1F04A34B002E7DED /* model */,
				44F3AC3E1F04A350002E7DED /* view */,
				44F3AC3F1F04A362002E7DED /* controller */,
				44F3AC331F04A024002E7DED /* Api */,
				4490A4E51F03A676002D2810 /* MBProgressHUD */,
				4420D8E41F022A56007DD6E9 /* AppDelegate.h */,
				4420D8E51F022A56007DD6E9 /* AppDelegate.m */,
				4420D8E71F022A56007DD6E9 /* ViewController.h */,
				4420D8E81F022A56007DD6E9 /* ViewController.m */,
				4490A4F21F03B787002D2810 /* Main.storyboard */,
				4420D8ED1F022A56007DD6E9 /* Assets.xcassets */,
				4420D8EF1F022A56007DD6E9 /* LaunchScreen.storyboard */,
				4420D8F21F022A56007DD6E9 /* Info.plist */,
				4420D8E11F022A56007DD6E9 /* Supporting Files */,
				4490A4F11F03A9F2002D2810 /* HNBDemoConstantSymbol.h */,
			);
			path = HNBNetWorkDemo;
			sourceTree = "<group>";
		};
		4420D8E11F022A56007DD6E9 /* Supporting Files */ = {
			isa = PBXGroup;
			children = (
				4420D8E21F022A56007DD6E9 /* main.m */,
				441A166C1F05DE4B0041260B /* PrefixHeader.pch */,
			);
			name = "Supporting Files";
			sourceTree = "<group>";
		};
		4490A4E51F03A676002D2810 /* MBProgressHUD */ = {
			isa = PBXGroup;
			children = (
				4490A4E61F03A676002D2810 /* MBProgressHUD+MJ.h */,
				4490A4E71F03A676002D2810 /* MBProgressHUD+MJ.m */,
				4490A4E81F03A676002D2810 /* MBProgressHUD.bundle */,
				4490A4E91F03A676002D2810 /* MBProgressHUD.h */,
				4490A4EA1F03A676002D2810 /* MBProgressHUD.m */,
			);
			path = MBProgressHUD;
			sourceTree = "<group>";
		};
		44F3AC331F04A024002E7DED /* Api */ = {
			isa = PBXGroup;
			children = (
				6EB0CF021F78E83100CCAC66 /* ErrorRecordApi.h */,
				6EB0CF031F78E83100CCAC66 /* ErrorRecordApi.m */,
				4499ABF51F0514A4001D3ED3 /* WeatherApi.h */,
				4499ABF61F0514A4001D3ED3 /* WeatherApi.m */,
				44F3AC361F04A024002E7DED /* WeiBoAuthApi.h */,
				44F3AC371F04A024002E7DED /* WeiBoAuthApi.m */,
				44F3AC3A1F04A049002E7DED /* WeiBoStatusListApi.h */,
				44F3AC3B1F04A049002E7DED /* WeiBoStatusListApi.m */,
				6E2418B21F5D6A9A00912E32 /* BeiJingTimeApi.h */,
				6E2418B31F5D6A9A00912E32 /* BeiJingTimeApi.m */,
			);
			path = Api;
			sourceTree = "<group>";
		};
		44F3AC3D1F04A34B002E7DED /* model */ = {
			isa = PBXGroup;
			children = (
			);
			path = model;
			sourceTree = "<group>";
		};
		44F3AC3E1F04A350002E7DED /* view */ = {
			isa = PBXGroup;
			children = (
			);
			path = view;
			sourceTree = "<group>";
		};
		44F3AC3F1F04A362002E7DED /* controller */ = {
			isa = PBXGroup;
			children = (
				6EB0CF051F78E83C00CCAC66 /* BigFileUploadController.h */,
				6EB0CF061F78E83C00CCAC66 /* BigFileUploadController.m */,
				6EB0CF071F78E83C00CCAC66 /* BigFileUploadController.xib */,
				441A16621F05D9E20041260B /* BaseViewController.h */,
				441A16631F05D9E20041260B /* BaseViewController.m */,
				441A16651F05DA460041260B /* WeatherViewController.h */,
				441A16661F05DA460041260B /* WeatherViewController.m */,
				6E93BA871F56D2A600DE587A /* BaseNavigationController.h */,
				6E93BA881F56D2A600DE587A /* BaseNavigationController.m */,
				6EDBC1EE1F5E2E2800BA26AF /* BeiJingTimeController.h */,
				6EDBC1EF1F5E2E2800BA26AF /* BeiJingTimeController.m */,
				6EDBC1F01F5E2E2800BA26AF /* BeiJingTimeController.xib */,
			);
			path = controller;
			sourceTree = "<group>";
		};
		AAC00ABE51C8EC4E32E044F7 /* Pods */ = {
			isa = PBXGroup;
			children = (
				11E515B484F0E09A38C781B4 /* Pods-HNBNetWorkDemo.debug.xcconfig */,
				1DD58C1F7ADD5D5CBCF56158 /* Pods-HNBNetWorkDemo.release.xcconfig */,
			);
			name = Pods;
			sourceTree = "<group>";
		};
		BC403B95D39972BAE5FCAFCF /* Frameworks */ = {
			isa = PBXGroup;
			children = (
				87325D9591F004751AA9391D /* Pods_HNBNetWorkDemo.framework */,
			);
			name = Frameworks;
			sourceTree = "<group>";
		};
/* End PBXGroup section */

/* Begin PBXNativeTarget section */
		4420D8DD1F022A56007DD6E9 /* HNBNetWorkDemo */ = {
			isa = PBXNativeTarget;
			buildConfigurationList = 4420D8F51F022A56007DD6E9 /* Build configuration list for PBXNativeTarget "HNBNetWorkDemo" */;
			buildPhases = (
				E85D782D49964265E147DCA7 /* [CP] Check Pods Manifest.lock */,
				4420D8DA1F022A56007DD6E9 /* Sources */,
				4420D8DB1F022A56007DD6E9 /* Frameworks */,
				4420D8DC1F022A56007DD6E9 /* Resources */,
				61B9650C39988DDF80B3A51D /* [CP] Embed Pods Frameworks */,
				FB0C0E747F64662C9F9BE0AE /* [CP] Copy Pods Resources */,
			);
			buildRules = (
			);
			dependencies = (
			);
			name = HNBNetWorkDemo;
			productName = HNBNetWorkDemo;
			productReference = 4420D8DE1F022A56007DD6E9 /* HNBNetWorkDemo.app */;
			productType = "com.apple.product-type.application";
		};
/* End PBXNativeTarget section */

/* Begin PBXProject section */
		4420D8D61F022A56007DD6E9 /* Project object */ = {
			isa = PBXProject;
			attributes = {
				LastUpgradeCheck = 0830;
				ORGANIZATIONNAME = "开发";
				TargetAttributes = {
					4420D8DD1F022A56007DD6E9 = {
						CreatedOnToolsVersion = 8.3.2;
						ProvisioningStyle = Manual;
					};
				};
			};
			buildConfigurationList = 4420D8D91F022A56007DD6E9 /* Build configuration list for PBXProject "HNBNetWorkDemo" */;
			compatibilityVersion = "Xcode 3.2";
			developmentRegion = English;
			hasScannedForEncodings = 0;
			knownRegions = (
				en,
				Base,
			);
			mainGroup = 4420D8D51F022A56007DD6E9;
			productRefGroup = 4420D8DF1F022A56007DD6E9 /* Products */;
			projectDirPath = "";
			projectRoot = "";
			targets = (
				4420D8DD1F022A56007DD6E9 /* HNBNetWorkDemo */,
			);
		};
/* End PBXProject section */

/* Begin PBXResourcesBuildPhase section */
		4420D8DC1F022A56007DD6E9 /* Resources */ = {
			isa = PBXResourcesBuildPhase;
			buildActionMask = 2147483647;
			files = (
				4420D8F11F022A56007DD6E9 /* LaunchScreen.storyboard in Resources */,
				6EB0CF091F78E83C00CCAC66 /* BigFileUploadController.xib in Resources */,
				6EDBC1F21F5E2E2800BA26AF /* BeiJingTimeController.xib in Resources */,
				4490A4EC1F03A676002D2810 /* MBProgressHUD.bundle in Resources */,
				4420D8EE1F022A56007DD6E9 /* Assets.xcassets in Resources */,
				4490A4F31F03B787002D2810 /* Main.storyboard in Resources */,
			);
			runOnlyForDeploymentPostprocessing = 0;
		};
/* End PBXResourcesBuildPhase section */

/* Begin PBXShellScriptBuildPhase section */
		61B9650C39988DDF80B3A51D /* [CP] Embed Pods Frameworks */ = {
			isa = PBXShellScriptBuildPhase;
			buildActionMask = 2147483647;
			files = (
			);
			inputPaths = (
			);
			name = "[CP] Embed Pods Frameworks";
			outputPaths = (
			);
			runOnlyForDeploymentPostprocessing = 0;
			shellPath = /bin/sh;
			shellScript = "\"${SRCROOT}/Pods/Target Support Files/Pods-HNBNetWorkDemo/Pods-HNBNetWorkDemo-frameworks.sh\"\n";
			showEnvVarsInLog = 0;
		};
		E85D782D49964265E147DCA7 /* [CP] Check Pods Manifest.lock */ = {
			isa = PBXShellScriptBuildPhase;
			buildActionMask = 2147483647;
			files = (
			);
			inputPaths = (
			);
			name = "[CP] Check Pods Manifest.lock";
			outputPaths = (
			);
			runOnlyForDeploymentPostprocessing = 0;
			shellPath = /bin/sh;
			shellScript = "diff \"${PODS_PODFILE_DIR_PATH}/Podfile.lock\" \"${PODS_ROOT}/Manifest.lock\" > /dev/null\nif [ $? != 0 ] ; then\n    # print error to STDERR\n    echo \"error: The sandbox is not in sync with the Podfile.lock. Run 'pod install' or update your CocoaPods installation.\" >&2\n    exit 1\nfi\n";
			showEnvVarsInLog = 0;
		};
		FB0C0E747F64662C9F9BE0AE /* [CP] Copy Pods Resources */ = {
			isa = PBXShellScriptBuildPhase;
			buildActionMask = 2147483647;
			files = (
			);
			inputPaths = (
			);
			name = "[CP] Copy Pods Resources";
			outputPaths = (
			);
			runOnlyForDeploymentPostprocessing = 0;
			shellPath = /bin/sh;
			shellScript = "\"${SRCROOT}/Pods/Target Support Files/Pods-HNBNetWorkDemo/Pods-HNBNetWorkDemo-resources.sh\"\n";
			showEnvVarsInLog = 0;
		};
/* End PBXShellScriptBuildPhase section */

/* Begin PBXSourcesBuildPhase section */
		4420D8DA1F022A56007DD6E9 /* Sources */ = {
			isa = PBXSourcesBuildPhase;
			buildActionMask = 2147483647;
			files = (
				4490A4EB1F03A676002D2810 /* MBProgressHUD+MJ.m in Sources */,
				6EDBC1F11F5E2E2800BA26AF /* BeiJingTimeController.m in Sources */,
				441A16641F05D9E20041260B /* BaseViewController.m in Sources */,
				4490A4ED1F03A676002D2810 /* MBProgressHUD.m in Sources */,
				441A16671F05DA460041260B /* WeatherViewController.m in Sources */,
				44F3AC3C1F04A049002E7DED /* WeiBoStatusListApi.m in Sources */,
				4499ABF71F0514A4001D3ED3 /* WeatherApi.m in Sources */,
				44F3AC391F04A024002E7DED /* WeiBoAuthApi.m in Sources */,
				4420D8E91F022A56007DD6E9 /* ViewController.m in Sources */,
				6E93BA891F56D2A600DE587A /* BaseNavigationController.m in Sources */,
				4420D8E61F022A56007DD6E9 /* AppDelegate.m in Sources */,
				4420D8E31F022A56007DD6E9 /* main.m in Sources */,
				441A166B1F05DD730041260B /* NSDictionary+Extension.m in Sources */,
				6E2418B41F5D6A9A00912E32 /* BeiJingTimeApi.m in Sources */,
				6EB0CF041F78E83100CCAC66 /* ErrorRecordApi.m in Sources */,
				6EB0CF081F78E83C00CCAC66 /* BigFileUploadController.m in Sources */,
			);
			runOnlyForDeploymentPostprocessing = 0;
		};
/* End PBXSourcesBuildPhase section */

/* Begin PBXVariantGroup section */
		4420D8EF1F022A56007DD6E9 /* LaunchScreen.storyboard */ = {
			isa = PBXVariantGroup;
			children = (
				4420D8F01F022A56007DD6E9 /* Base */,
			);
			name = LaunchScreen.storyboard;
			sourceTree = "<group>";
		};
/* End PBXVariantGroup section */

/* Begin XCBuildConfiguration section */
		4420D8F31F022A56007DD6E9 /* Debug */ = {
			isa = XCBuildConfiguration;
			buildSettings = {
				ALWAYS_SEARCH_USER_PATHS = NO;
				CLANG_ANALYZER_NONNULL = YES;
				CLANG_ANALYZER_NUMBER_OBJECT_CONVERSION = YES_AGGRESSIVE;
				CLANG_CXX_LANGUAGE_STANDARD = "gnu++0x";
				CLANG_CXX_LIBRARY = "libc++";
				CLANG_ENABLE_MODULES = YES;
				CLANG_ENABLE_OBJC_ARC = YES;
				CLANG_WARN_BOOL_CONVERSION = YES;
				CLANG_WARN_CONSTANT_CONVERSION = YES;
				CLANG_WARN_DIRECT_OBJC_ISA_USAGE = YES_ERROR;
				CLANG_WARN_DOCUMENTATION_COMMENTS = YES;
				CLANG_WARN_EMPTY_BODY = YES;
				CLANG_WARN_ENUM_CONVERSION = YES;
				CLANG_WARN_INFINITE_RECURSION = YES;
				CLANG_WARN_INT_CONVERSION = YES;
				CLANG_WARN_OBJC_ROOT_CLASS = YES_ERROR;
				CLANG_WARN_SUSPICIOUS_MOVE = YES;
				CLANG_WARN_UNREACHABLE_CODE = YES;
				CLANG_WARN__DUPLICATE_METHOD_MATCH = YES;
				"CODE_SIGN_IDENTITY[sdk=iphoneos*]" = "iPhone Developer";
				COPY_PHASE_STRIP = NO;
				DEBUG_INFORMATION_FORMAT = dwarf;
				ENABLE_STRICT_OBJC_MSGSEND = YES;
				ENABLE_TESTABILITY = YES;
				GCC_C_LANGUAGE_STANDARD = gnu99;
				GCC_DYNAMIC_NO_PIC = NO;
				GCC_NO_COMMON_BLOCKS = YES;
				GCC_OPTIMIZATION_LEVEL = 0;
				GCC_PREPROCESSOR_DEFINITIONS = (
					"DEBUG=1",
					"$(inherited)",
				);
				GCC_WARN_64_TO_32_BIT_CONVERSION = YES;
				GCC_WARN_ABOUT_RETURN_TYPE = YES_ERROR;
				GCC_WARN_UNDECLARED_SELECTOR = YES;
				GCC_WARN_UNINITIALIZED_AUTOS = YES_AGGRESSIVE;
				GCC_WARN_UNUSED_FUNCTION = YES;
				GCC_WARN_UNUSED_VARIABLE = YES;
				IPHONEOS_DEPLOYMENT_TARGET = 10.3;
				MTL_ENABLE_DEBUG_INFO = YES;
				ONLY_ACTIVE_ARCH = YES;
				SDKROOT = iphoneos;
			};
			name = Debug;
		};
		4420D8F41F022A56007DD6E9 /* Release */ = {
			isa = XCBuildConfiguration;
			buildSettings = {
				ALWAYS_SEARCH_USER_PATHS = NO;
				CLANG_ANALYZER_NONNULL = YES;
				CLANG_ANALYZER_NUMBER_OBJECT_CONVERSION = YES_AGGRESSIVE;
				CLANG_CXX_LANGUAGE_STANDARD = "gnu++0x";
				CLANG_CXX_LIBRARY = "libc++";
				CLANG_ENABLE_MODULES = YES;
				CLANG_ENABLE_OBJC_ARC = YES;
				CLANG_WARN_BOOL_CONVERSION = YES;
				CLANG_WARN_CONSTANT_CONVERSION = YES;
				CLANG_WARN_DIRECT_OBJC_ISA_USAGE = YES_ERROR;
				CLANG_WARN_DOCUMENTATION_COMMENTS = YES;
				CLANG_WARN_EMPTY_BODY = YES;
				CLANG_WARN_ENUM_CONVERSION = YES;
				CLANG_WARN_INFINITE_RECURSION = YES;
				CLANG_WARN_INT_CONVERSION = YES;
				CLANG_WARN_OBJC_ROOT_CLASS = YES_ERROR;
				CLANG_WARN_SUSPICIOUS_MOVE = YES;
				CLANG_WARN_UNREACHABLE_CODE = YES;
				CLANG_WARN__DUPLICATE_METHOD_MATCH = YES;
				"CODE_SIGN_IDENTITY[sdk=iphoneos*]" = "iPhone Developer";
				COPY_PHASE_STRIP = NO;
				DEBUG_INFORMATION_FORMAT = "dwarf-with-dsym";
				ENABLE_NS_ASSERTIONS = NO;
				ENABLE_STRICT_OBJC_MSGSEND = YES;
				GCC_C_LANGUAGE_STANDARD = gnu99;
				GCC_NO_COMMON_BLOCKS = YES;
				GCC_WARN_64_TO_32_BIT_CONVERSION = YES;
				GCC_WARN_ABOUT_RETURN_TYPE = YES_ERROR;
				GCC_WARN_UNDECLARED_SELECTOR = YES;
				GCC_WARN_UNINITIALIZED_AUTOS = YES_AGGRESSIVE;
				GCC_WARN_UNUSED_FUNCTION = YES;
				GCC_WARN_UNUSED_VARIABLE = YES;
				IPHONEOS_DEPLOYMENT_TARGET = 10.3;
				MTL_ENABLE_DEBUG_INFO = NO;
				SDKROOT = iphoneos;
				VALIDATE_PRODUCT = YES;
			};
			name = Release;
		};
		4420D8F61F022A56007DD6E9 /* Debug */ = {
			isa = XCBuildConfiguration;
			baseConfigurationReference = 11E515B484F0E09A38C781B4 /* Pods-HNBNetWorkDemo.debug.xcconfig */;
			buildSettings = {
				ASSETCATALOG_COMPILER_APPICON_NAME = AppIcon;
				DEVELOPMENT_TEAM = "";
				GCC_PRECOMPILE_PREFIX_HEADER = YES;
				GCC_PREFIX_HEADER = HNBNetWorkDemo/PrefixHeader.pch;
				INFOPLIST_FILE = HNBNetWorkDemo/Info.plist;
				IPHONEOS_DEPLOYMENT_TARGET = 8.0;
				LD_RUNPATH_SEARCH_PATHS = "$(inherited) @executable_path/Frameworks";
				PRODUCT_BUNDLE_IDENTIFIER = com.hnb.HNBNetWorkDemo;
				PRODUCT_NAME = "$(TARGET_NAME)";
				PROVISIONING_PROFILE_SPECIFIER = "";
			};
			name = Debug;
		};
		4420D8F71F022A56007DD6E9 /* Release */ = {
			isa = XCBuildConfiguration;
			baseConfigurationReference = 1DD58C1F7ADD5D5CBCF56158 /* Pods-HNBNetWorkDemo.release.xcconfig */;
			buildSettings = {
				ASSETCATALOG_COMPILER_APPICON_NAME = AppIcon;
				DEVELOPMENT_TEAM = "";
				GCC_PRECOMPILE_PREFIX_HEADER = YES;
				GCC_PREFIX_HEADER = HNBNetWorkDemo/PrefixHeader.pch;
				INFOPLIST_FILE = HNBNetWorkDemo/Info.plist;
				IPHONEOS_DEPLOYMENT_TARGET = 8.0;
				LD_RUNPATH_SEARCH_PATHS = "$(inherited) @executable_path/Frameworks";
				PRODUCT_BUNDLE_IDENTIFIER = com.hnb.HNBNetWorkDemo;
				PRODUCT_NAME = "$(TARGET_NAME)";
				PROVISIONING_PROFILE_SPECIFIER = "";
			};
			name = Release;
		};
/* End XCBuildConfiguration section */

/* Begin XCConfigurationList section */
		4420D8D91F022A56007DD6E9 /* Build configuration list for PBXProject "HNBNetWorkDemo" */ = {
			isa = XCConfigurationList;
			buildConfigurations = (
				4420D8F31F022A56007DD6E9 /* Debug */,
				4420D8F41F022A56007DD6E9 /* Release */,
			);
			defaultConfigurationIsVisible = 0;
			defaultConfigurationName = Release;
		};
		4420D8F51F022A56007DD6E9 /* Build configuration list for PBXNativeTarget "HNBNetWorkDemo" */ = {
			isa = XCConfigurationList;
			buildConfigurations = (
				4420D8F61F022A56007DD6E9 /* Debug */,
				4420D8F71F022A56007DD6E9 /* Release */,
			);
			defaultConfigurationIsVisible = 0;
			defaultConfigurationName = Release;
		};
/* End XCConfigurationList section */
	};
	rootObject = 4420D8D61F022A56007DD6E9 /* Project object */;
}
